
Microsoft Visual Studio Solution File, Format Version 12.00
# Visual Studio Version 17
VisualStudioVersion = 17.10.35122.118
MinimumVisualStudioVersion = 10.0.40219.1
Project("{FAE04EC0-301F-11D3-BF4B-00C04F79EFBC}") = "AppOperacionesRacionales", "AppOperacionesRacionales\AppOperacionesRacionales.csproj", "{F572A293-79B4-426F-BAC4-24AEABA9AB4A}"
EndProject
Global
	GlobalSection(SolutionConfigurationPlatforms) = preSolution
		Debug|Any CPU = Debug|Any CPU
		Release|Any CPU = Release|Any CPU
	EndGlobalSection
	GlobalSection(ProjectConfigurationPlatforms) = postSolution
		{F572A293-79B4-426F-BAC4-24AEABA9AB4A}.Debug|Any CPU.ActiveCfg = Debug|Any CPU
		{F572A293-79B4-426F-BAC4-24AEABA9AB4A}.Debug|Any CPU.Build.0 = Debug|Any CPU
		{F572A293-79B4-426F-BAC4-24AEABA9AB4A}.Release|Any CPU.ActiveCfg = Release|Any CPU
		{F572A293-79B4-426F-BAC4-24AEABA9AB4A}.Release|Any CPU.Build.0 = Release|Any CPU
	EndGlobalSection
	GlobalSection(SolutionProperties) = preSolution
		HideSolutionNode = FALSE
	EndGlobalSection
	GlobalSection(ExtensibilityGlobals) = postSolution
		SolutionGuid = {B06768EC-632C-45FE-99DF-4CBC821E38E2}
	EndGlobalSection
EndGlobal
